// !$*UTF8*$!
{
	archiveVersion = 1;
	classes = {
	};
	objectVersion = 56;
	objects = {

/* Begin PBXBuildFile section */
		6A0644442DC3F57100DFE610 /* ImagesListCell.swift in Sources */ = {isa = PBXBuildFile; fileRef = 6A0644432DC3F57100DFE610 /* ImagesListCell.swift */; };
		6A1CFFAF2DBC0DD000ECB890 /* AppDelegate.swift in Sources */ = {isa = PBXBuildFile; fileRef = 6A1CFFAE2DBC0DD000ECB890 /* AppDelegate.swift */; };
		6A1CFFB12DBC0DD000ECB890 /* SceneDelegate.swift in Sources */ = {isa = PBXBuildFile; fileRef = 6A1CFFB02DBC0DD000ECB890 /* SceneDelegate.swift */; };
		6A1CFFB32DBC0DD000ECB890 /* ImagesListViewController.swift in Sources */ = {isa = PBXBuildFile; fileRef = 6A1CFFB22DBC0DD000ECB890 /* ImagesListViewController.swift */; };
		6A1CFFB92DBC0DD000ECB890 /* ImageFeed.xcdatamodeld in Sources */ = {isa = PBXBuildFile; fileRef = 6A1CFFB72DBC0DD000ECB890 /* ImageFeed.xcdatamodeld */; };
		6A1CFFC92DBC0DD600ECB890 /* ImageFeedTests.swift in Sources */ = {isa = PBXBuildFile; fileRef = 6A1CFFC82DBC0DD600ECB890 /* ImageFeedTests.swift */; };
		6A1CFFD32DBC0DD600ECB890 /* ImageFeedUITests.swift in Sources */ = {isa = PBXBuildFile; fileRef = 6A1CFFD22DBC0DD600ECB890 /* ImageFeedUITests.swift */; };
		6A1CFFD52DBC0DD600ECB890 /* ImageFeedUITestsLaunchTests.swift in Sources */ = {isa = PBXBuildFile; fileRef = 6A1CFFD42DBC0DD600ECB890 /* ImageFeedUITestsLaunchTests.swift */; };
		6A4E2F6A2DE4A5D1000CACD4 /* AuthViewController.swift in Sources */ = {isa = PBXBuildFile; fileRef = 6A4E2F692DE4A5D1000CACD4 /* AuthViewController.swift */; };
		6A4E2F6C2DE4A68B000CACD4 /* WebViewViewController.swift in Sources */ = {isa = PBXBuildFile; fileRef = 6A4E2F6B2DE4A68B000CACD4 /* WebViewViewController.swift */; };
		6A4E2F6D2DEF70C7000CACD4 /* LaunchScreen.storyboard in Resources */ = {isa = PBXBuildFile; fileRef = 6A1CFFBC2DBC0DD500ECB890 /* LaunchScreen.storyboard */; };
		6A9F8C622DD2824600B48145 /* ProfileViewController.swift in Sources */ = {isa = PBXBuildFile; fileRef = 6A9F8C612DD2824600B48145 /* ProfileViewController.swift */; };
		6A9F8C662DD5F1AC00B48145 /* Main.storyboard in Resources */ = {isa = PBXBuildFile; fileRef = 6A1CFFB42DBC0DD000ECB890 /* Main.storyboard */; };
		6A9F8C672DD6124100B48145 /* Assets.xcassets in Resources */ = {isa = PBXBuildFile; fileRef = 6A1CFFBA2DBC0DD500ECB890 /* Assets.xcassets */; };
		6A9F8C692DD6194A00B48145 /* SingleImageViewController.swift in Sources */ = {isa = PBXBuildFile; fileRef = 6A9F8C682DD6194A00B48145 /* SingleImageViewController.swift */; };
		6A9F8C6C2DE2562A00B48145 /* Constants.swift in Sources */ = {isa = PBXBuildFile; fileRef = 6A9F8C6B2DE2562A00B48145 /* Constants.swift */; };
/* End PBXBuildFile section */

/* Begin PBXContainerItemProxy section */
		6A1CFFC52DBC0DD600ECB890 /* PBXContainerItemProxy */ = {
			isa = PBXContainerItemProxy;
			containerPortal = 6A1CFFA32DBC0DD000ECB890 /* Project object */;
			proxyType = 1;
			remoteGlobalIDString = 6A1CFFAA2DBC0DD000ECB890;
			remoteInfo = ImageFeed;
		};
		6A1CFFCF2DBC0DD600ECB890 /* PBXContainerItemProxy */ = {
			isa = PBXContainerItemProxy;
			containerPortal = 6A1CFFA32DBC0DD000ECB890 /* Project object */;
			proxyType = 1;
			remoteGlobalIDString = 6A1CFFAA2DBC0DD000ECB890;
			remoteInfo = ImageFeed;
		};
/* End PBXContainerItemProxy section */

/* Begin PBXFileReference section */
		6A0644432DC3F57100DFE610 /* ImagesListCell.swift */ = {isa = PBXFileReference; lastKnownFileType = sourcecode.swift; path = ImagesListCell.swift; sourceTree = "<group>"; };
		6A1CFFAB2DBC0DD000ECB890 /* ImageFeed.app */ = {isa = PBXFileReference; explicitFileType = wrapper.application; includeInIndex = 0; path = ImageFeed.app; sourceTree = BUILT_PRODUCTS_DIR; };
		6A1CFFAE2DBC0DD000ECB890 /* AppDelegate.swift */ = {isa = PBXFileReference; lastKnownFileType = sourcecode.swift; path = AppDelegate.swift; sourceTree = "<group>"; };
		6A1CFFB02DBC0DD000ECB890 /* SceneDelegate.swift */ = {isa = PBXFileReference; lastKnownFileType = sourcecode.swift; path = SceneDelegate.swift; sourceTree = "<group>"; };
		6A1CFFB22DBC0DD000ECB890 /* ImagesListViewController.swift */ = {isa = PBXFileReference; lastKnownFileType = sourcecode.swift; path = ImagesListViewController.swift; sourceTree = "<group>"; };
		6A1CFFB52DBC0DD000ECB890 /* Base */ = {isa = PBXFileReference; lastKnownFileType = file.storyboard; name = Base; path = Base.lproj/Main.storyboard; sourceTree = "<group>"; };
		6A1CFFB82DBC0DD000ECB890 /* ImageFeed.xcdatamodel */ = {isa = PBXFileReference; lastKnownFileType = wrapper.xcdatamodel; path = ImageFeed.xcdatamodel; sourceTree = "<group>"; };
		6A1CFFBA2DBC0DD500ECB890 /* Assets.xcassets */ = {isa = PBXFileReference; lastKnownFileType = folder.assetcatalog; path = Assets.xcassets; sourceTree = "<group>"; };
		6A1CFFBD2DBC0DD500ECB890 /* Base */ = {isa = PBXFileReference; lastKnownFileType = file.storyboard; name = Base; path = Base.lproj/LaunchScreen.storyboard; sourceTree = "<group>"; };
		6A1CFFBF2DBC0DD500ECB890 /* Info.plist */ = {isa = PBXFileReference; lastKnownFileType = text.plist.xml; path = Info.plist; sourceTree = "<group>"; };
		6A1CFFC42DBC0DD600ECB890 /* ImageFeedTests.xctest */ = {isa = PBXFileReference; explicitFileType = wrapper.cfbundle; includeInIndex = 0; path = ImageFeedTests.xctest; sourceTree = BUILT_PRODUCTS_DIR; };
		6A1CFFC82DBC0DD600ECB890 /* ImageFeedTests.swift */ = {isa = PBXFileReference; lastKnownFileType = sourcecode.swift; path = ImageFeedTests.swift; sourceTree = "<group>"; };
		6A1CFFCE2DBC0DD600ECB890 /* ImageFeedUITests.xctest */ = {isa = PBXFileReference; explicitFileType = wrapper.cfbundle; includeInIndex = 0; path = ImageFeedUITests.xctest; sourceTree = BUILT_PRODUCTS_DIR; };
		6A1CFFD22DBC0DD600ECB890 /* ImageFeedUITests.swift */ = {isa = PBXFileReference; lastKnownFileType = sourcecode.swift; path = ImageFeedUITests.swift; sourceTree = "<group>"; };
		6A1CFFD42DBC0DD600ECB890 /* ImageFeedUITestsLaunchTests.swift */ = {isa = PBXFileReference; lastKnownFileType = sourcecode.swift; path = ImageFeedUITestsLaunchTests.swift; sourceTree = "<group>"; };
		6A4E2F692DE4A5D1000CACD4 /* AuthViewController.swift */ = {isa = PBXFileReference; lastKnownFileType = sourcecode.swift; path = AuthViewController.swift; sourceTree = "<group>"; };
		6A4E2F6B2DE4A68B000CACD4 /* WebViewViewController.swift */ = {isa = PBXFileReference; lastKnownFileType = sourcecode.swift; path = WebViewViewController.swift; sourceTree = "<group>"; };
		6A9F8C612DD2824600B48145 /* ProfileViewController.swift */ = {isa = PBXFileReference; lastKnownFileType = sourcecode.swift; path = ProfileViewController.swift; sourceTree = "<group>"; };
		6A9F8C682DD6194A00B48145 /* SingleImageViewController.swift */ = {isa = PBXFileReference; lastKnownFileType = sourcecode.swift; path = SingleImageViewController.swift; sourceTree = "<group>"; };
		6A9F8C6B2DE2562A00B48145 /* Constants.swift */ = {isa = PBXFileReference; lastKnownFileType = sourcecode.swift; path = Constants.swift; sourceTree = "<group>"; };
/* End PBXFileReference section */

/* Begin PBXFrameworksBuildPhase section */
		6A1CFFA82DBC0DD000ECB890 /* Frameworks */ = {
			isa = PBXFrameworksBuildPhase;
			buildActionMask = 2147483647;
			files = (
			);
			runOnlyForDeploymentPostprocessing = 0;
		};
		6A1CFFC12DBC0DD600ECB890 /* Frameworks */ = {
			isa = PBXFrameworksBuildPhase;
			buildActionMask = 2147483647;
			files = (
			);
			runOnlyForDeploymentPostprocessing = 0;
		};
		6A1CFFCB2DBC0DD600ECB890 /* Frameworks */ = {
			isa = PBXFrameworksBuildPhase;
			buildActionMask = 2147483647;
			files = (
			);
			runOnlyForDeploymentPostprocessing = 0;
		};
/* End PBXFrameworksBuildPhase section */

/* Begin PBXGroup section */
		6A0644452DC3F5B600DFE610 /* ImagesList */ = {
			isa = PBXGroup;
			children = (
				6A1CFFB22DBC0DD000ECB890 /* ImagesListViewController.swift */,
				6A0644432DC3F57100DFE610 /* ImagesListCell.swift */,
			);
			path = ImagesList;
			sourceTree = "<group>";
		};
		6A1CFFA22DBC0DD000ECB890 = {
			isa = PBXGroup;
			children = (
				6A1CFFAD2DBC0DD000ECB890 /* ImageFeed */,
				6A1CFFC72DBC0DD600ECB890 /* ImageFeedTests */,
				6A1CFFD12DBC0DD600ECB890 /* ImageFeedUITests */,
				6A1CFFAC2DBC0DD000ECB890 /* Products */,
			);
			sourceTree = "<group>";
		};
		6A1CFFAC2DBC0DD000ECB890 /* Products */ = {
			isa = PBXGroup;
			children = (
				6A1CFFAB2DBC0DD000ECB890 /* ImageFeed.app */,
				6A1CFFC42DBC0DD600ECB890 /* ImageFeedTests.xctest */,
				6A1CFFCE2DBC0DD600ECB890 /* ImageFeedUITests.xctest */,
			);
			name = Products;
			sourceTree = "<group>";
		};
		6A1CFFAD2DBC0DD000ECB890 /* ImageFeed */ = {
			isa = PBXGroup;
			children = (
				6A1CFFAE2DBC0DD000ECB890 /* AppDelegate.swift */,
				6A1CFFB02DBC0DD000ECB890 /* SceneDelegate.swift */,
				6A9F8C6B2DE2562A00B48145 /* Constants.swift */,
				6A4E2F682DE4A5BC000CACD4 /* Auth */,
				6A9F8C652DD2980900B48145 /* Profile */,
				6A0644452DC3F5B600DFE610 /* ImagesList */,
				6A9F8C6A2DD61D1800B48145 /* SingleImageView */,
				6A1CFFB42DBC0DD000ECB890 /* Main.storyboard */,
				6A1CFFBA2DBC0DD500ECB890 /* Assets.xcassets */,
				6A1CFFBC2DBC0DD500ECB890 /* LaunchScreen.storyboard */,
				6A1CFFBF2DBC0DD500ECB890 /* Info.plist */,
				6A1CFFB72DBC0DD000ECB890 /* ImageFeed.xcdatamodeld */,
			);
			path = ImageFeed;
			sourceTree = "<group>";
		};
		6A1CFFC72DBC0DD600ECB890 /* ImageFeedTests */ = {
			isa = PBXGroup;
			children = (
				6A1CFFC82DBC0DD600ECB890 /* ImageFeedTests.swift */,
			);
			path = ImageFeedTests;
			sourceTree = "<group>";
		};
		6A1CFFD12DBC0DD600ECB890 /* ImageFeedUITests */ = {
			isa = PBXGroup;
			children = (
				6A1CFFD22DBC0DD600ECB890 /* ImageFeedUITests.swift */,
				6A1CFFD42DBC0DD600ECB890 /* ImageFeedUITestsLaunchTests.swift */,
			);
			path = ImageFeedUITests;
			sourceTree = "<group>";
		};
		6A4E2F682DE4A5BC000CACD4 /* Auth */ = {
			isa = PBXGroup;
			children = (
				6A4E2F692DE4A5D1000CACD4 /* AuthViewController.swift */,
				6A4E2F6B2DE4A68B000CACD4 /* WebViewViewController.swift */,
			);
			path = Auth;
			sourceTree = "<group>";
		};
		6A9F8C652DD2980900B48145 /* Profile */ = {
			isa = PBXGroup;
			children = (
				6A9F8C612DD2824600B48145 /* ProfileViewController.swift */,
			);
			path = Profile;
			sourceTree = "<group>";
		};
		6A9F8C6A2DD61D1800B48145 /* SingleImageView */ = {
			isa = PBXGroup;
			children = (
				6A9F8C682DD6194A00B48145 /* SingleImageViewController.swift */,
			);
			path = SingleImageView;
			sourceTree = "<group>";
		};
/* End PBXGroup section */

/* Begin PBXNativeTarget section */
		6A1CFFAA2DBC0DD000ECB890 /* ImageFeed */ = {
			isa = PBXNativeTarget;
			buildConfigurationList = 6A1CFFD82DBC0DD600ECB890 /* Build configuration list for PBXNativeTarget "ImageFeed" */;
			buildPhases = (
				6A1CFFA72DBC0DD000ECB890 /* Sources */,
				6A1CFFA82DBC0DD000ECB890 /* Frameworks */,
				6A1CFFA92DBC0DD000ECB890 /* Resources */,
			);
			buildRules = (
			);
			dependencies = (
			);
			name = ImageFeed;
			productName = ImageFeed;
			productReference = 6A1CFFAB2DBC0DD000ECB890 /* ImageFeed.app */;
			productType = "com.apple.product-type.application";
		};
		6A1CFFC32DBC0DD600ECB890 /* ImageFeedTests */ = {
			isa = PBXNativeTarget;
			buildConfigurationList = 6A1CFFDB2DBC0DD600ECB890 /* Build configuration list for PBXNativeTarget "ImageFeedTests" */;
			buildPhases = (
				6A1CFFC02DBC0DD600ECB890 /* Sources */,
				6A1CFFC12DBC0DD600ECB890 /* Frameworks */,
				6A1CFFC22DBC0DD600ECB890 /* Resources */,
			);
			buildRules = (
			);
			dependencies = (
				6A1CFFC62DBC0DD600ECB890 /* PBXTargetDependency */,
			);
			name = ImageFeedTests;
			productName = ImageFeedTests;
			productReference = 6A1CFFC42DBC0DD600ECB890 /* ImageFeedTests.xctest */;
			productType = "com.apple.product-type.bundle.unit-test";
		};
		6A1CFFCD2DBC0DD600ECB890 /* ImageFeedUITests */ = {
			isa = PBXNativeTarget;
			buildConfigurationList = 6A1CFFDE2DBC0DD600ECB890 /* Build configuration list for PBXNativeTarget "ImageFeedUITests" */;
			buildPhases = (
				6A1CFFCA2DBC0DD600ECB890 /* Sources */,
				6A1CFFCB2DBC0DD600ECB890 /* Frameworks */,
				6A1CFFCC2DBC0DD600ECB890 /* Resources */,
			);
			buildRules = (
			);
			dependencies = (
				6A1CFFD02DBC0DD600ECB890 /* PBXTargetDependency */,
			);
			name = ImageFeedUITests;
			productName = ImageFeedUITests;
			productReference = 6A1CFFCE2DBC0DD600ECB890 /* ImageFeedUITests.xctest */;
			productType = "com.apple.product-type.bundle.ui-testing";
		};
/* End PBXNativeTarget section */

/* Begin PBXProject section */
		6A1CFFA32DBC0DD000ECB890 /* Project object */ = {
			isa = PBXProject;
			attributes = {
				BuildIndependentTargetsInParallel = 1;
				LastSwiftUpdateCheck = 1540;
				LastUpgradeCheck = 1540;
				TargetAttributes = {
					6A1CFFAA2DBC0DD000ECB890 = {
						CreatedOnToolsVersion = 15.4;
					};
					6A1CFFC32DBC0DD600ECB890 = {
						CreatedOnToolsVersion = 15.4;
						TestTargetID = 6A1CFFAA2DBC0DD000ECB890;
					};
					6A1CFFCD2DBC0DD600ECB890 = {
						CreatedOnToolsVersion = 15.4;
						TestTargetID = 6A1CFFAA2DBC0DD000ECB890;
					};
				};
			};
			buildConfigurationList = 6A1CFFA62DBC0DD000ECB890 /* Build configuration list for PBXProject "ImageFeed" */;
			compatibilityVersion = "Xcode 14.0";
			developmentRegion = en;
			hasScannedForEncodings = 0;
			knownRegions = (
				en,
				Base,
			);
			mainGroup = 6A1CFFA22DBC0DD000ECB890;
			productRefGroup = 6A1CFFAC2DBC0DD000ECB890 /* Products */;
			projectDirPath = "";
			projectRoot = "";
			targets = (
				6A1CFFAA2DBC0DD000ECB890 /* ImageFeed */,
				6A1CFFC32DBC0DD600ECB890 /* ImageFeedTests */,
				6A1CFFCD2DBC0DD600ECB890 /* ImageFeedUITests */,
			);
		};
/* End PBXProject section */

/* Begin PBXResourcesBuildPhase section */
		6A1CFFA92DBC0DD000ECB890 /* Resources */ = {
			isa = PBXResourcesBuildPhase;
			buildActionMask = 2147483647;
			files = (
				6A4E2F6D2DEF70C7000CACD4 /* LaunchScreen.storyboard in Resources */,
				6A9F8C672DD6124100B48145 /* Assets.xcassets in Resources */,
				6A9F8C662DD5F1AC00B48145 /* Main.storyboard in Resources */,
			);
			runOnlyForDeploymentPostprocessing = 0;
		};
		6A1CFFC22DBC0DD600ECB890 /* Resources */ = {
			isa = PBXResourcesBuildPhase;
			buildActionMask = 2147483647;
			files = (
			);
			runOnlyForDeploymentPostprocessing = 0;
		};
		6A1CFFCC2DBC0DD600ECB890 /* Resources */ = {
			isa = PBXResourcesBuildPhase;
			buildActionMask = 2147483647;
			files = (
			);
			runOnlyForDeploymentPostprocessing = 0;
		};
/* End PBXResourcesBuildPhase section */

/* Begin PBXSourcesBuildPhase section */
		6A1CFFA72DBC0DD000ECB890 /* Sources */ = {
			isa = PBXSourcesBuildPhase;
			buildActionMask = 2147483647;
			files = (
				6A4E2F6C2DE4A68B000CACD4 /* WebViewViewController.swift in Sources */,
				6A9F8C622DD2824600B48145 /* ProfileViewController.swift in Sources */,
				6A1CFFB32DBC0DD000ECB890 /* ImagesListViewController.swift in Sources */,
				6A1CFFB92DBC0DD000ECB890 /* ImageFeed.xcdatamodeld in Sources */,
				6A9F8C692DD6194A00B48145 /* SingleImageViewController.swift in Sources */,
				6A0644442DC3F57100DFE610 /* ImagesListCell.swift in Sources */,
				6A1CFFAF2DBC0DD000ECB890 /* AppDelegate.swift in Sources */,
				6A1CFFB12DBC0DD000ECB890 /* SceneDelegate.swift in Sources */,
				6A4E2F6A2DE4A5D1000CACD4 /* AuthViewController.swift in Sources */,
				6A9F8C6C2DE2562A00B48145 /* Constants.swift in Sources */,
			);
			runOnlyForDeploymentPostprocessing = 0;
		};
		6A1CFFC02DBC0DD600ECB890 /* Sources */ = {
			isa = PBXSourcesBuildPhase;
			buildActionMask = 2147483647;
			files = (
				6A1CFFC92DBC0DD600ECB890 /* ImageFeedTests.swift in Sources */,
			);
			runOnlyForDeploymentPostprocessing = 0;
		};
		6A1CFFCA2DBC0DD600ECB890 /* Sources */ = {
			isa = PBXSourcesBuildPhase;
			buildActionMask = 2147483647;
			files = (
				6A1CFFD52DBC0DD600ECB890 /* ImageFeedUITestsLaunchTests.swift in Sources */,
				6A1CFFD32DBC0DD600ECB890 /* ImageFeedUITests.swift in Sources */,
			);
			runOnlyForDeploymentPostprocessing = 0;
		};
/* End PBXSourcesBuildPhase section */

/* Begin PBXTargetDependency section */
		6A1CFFC62DBC0DD600ECB890 /* PBXTargetDependency */ = {
			isa = PBXTargetDependency;
			target = 6A1CFFAA2DBC0DD000ECB890 /* ImageFeed */;
			targetProxy = 6A1CFFC52DBC0DD600ECB890 /* PBXContainerItemProxy */;
		};
		6A1CFFD02DBC0DD600ECB890 /* PBXTargetDependency */ = {
			isa = PBXTargetDependency;
			target = 6A1CFFAA2DBC0DD000ECB890 /* ImageFeed */;
			targetProxy = 6A1CFFCF2DBC0DD600ECB890 /* PBXContainerItemProxy */;
		};
/* End PBXTargetDependency section */

/* Begin PBXVariantGroup section */
		6A1CFFB42DBC0DD000ECB890 /* Main.storyboard */ = {
			isa = PBXVariantGroup;
			children = (
				6A1CFFB52DBC0DD000ECB890 /* Base */,
			);
			name = Main.storyboard;
			sourceTree = "<group>";
		};
		6A1CFFBC2DBC0DD500ECB890 /* LaunchScreen.storyboard */ = {
			isa = PBXVariantGroup;
			children = (
				6A1CFFBD2DBC0DD500ECB890 /* Base */,
			);
			name = LaunchScreen.storyboard;
			sourceTree = "<group>";
		};
/* End PBXVariantGroup section */

/* Begin XCBuildConfiguration section */
		6A1CFFD62DBC0DD600ECB890 /* Debug */ = {
			isa = XCBuildConfiguration;
			buildSettings = {
				ALWAYS_SEARCH_USER_PATHS = NO;
				ASSETCATALOG_COMPILER_GENERATE_SWIFT_ASSET_SYMBOL_EXTENSIONS = YES;
				CLANG_ANALYZER_NONNULL = YES;
				CLANG_ANALYZER_NUMBER_OBJECT_CONVERSION = YES_AGGRESSIVE;
				CLANG_CXX_LANGUAGE_STANDARD = "gnu++20";
				CLANG_ENABLE_MODULES = YES;
				CLANG_ENABLE_OBJC_ARC = YES;
				CLANG_ENABLE_OBJC_WEAK = YES;
				CLANG_WARN_BLOCK_CAPTURE_AUTORELEASING = YES;
				CLANG_WARN_BOOL_CONVERSION = YES;
				CLANG_WARN_COMMA = YES;
				CLANG_WARN_CONSTANT_CONVERSION = YES;
				CLANG_WARN_DEPRECATED_OBJC_IMPLEMENTATIONS = YES;
				CLANG_WARN_DIRECT_OBJC_ISA_USAGE = YES_ERROR;
				CLANG_WARN_DOCUMENTATION_COMMENTS = YES;
				CLANG_WARN_EMPTY_BODY = YES;
				CLANG_WARN_ENUM_CONVERSION = YES;
				CLANG_WARN_INFINITE_RECURSION = YES;
				CLANG_WARN_INT_CONVERSION = YES;
				CLANG_WARN_NON_LITERAL_NULL_CONVERSION = YES;
				CLANG_WARN_OBJC_IMPLICIT_RETAIN_SELF = YES;
				CLANG_WARN_OBJC_LITERAL_CONVERSION = YES;
				CLANG_WARN_OBJC_ROOT_CLASS = YES_ERROR;
				CLANG_WARN_QUOTED_INCLUDE_IN_FRAMEWORK_HEADER = YES;
				CLANG_WARN_RANGE_LOOP_ANALYSIS = YES;
				CLANG_WARN_STRICT_PROTOTYPES = YES;
				CLANG_WARN_SUSPICIOUS_MOVE = YES;
				CLANG_WARN_UNGUARDED_AVAILABILITY = YES_AGGRESSIVE;
				CLANG_WARN_UNREACHABLE_CODE = YES;
				CLANG_WARN__DUPLICATE_METHOD_MATCH = YES;
				COPY_PHASE_STRIP = NO;
				DEBUG_INFORMATION_FORMAT = dwarf;
				ENABLE_STRICT_OBJC_MSGSEND = YES;
				ENABLE_TESTABILITY = YES;
				ENABLE_USER_SCRIPT_SANDBOXING = YES;
				GCC_C_LANGUAGE_STANDARD = gnu17;
				GCC_DYNAMIC_NO_PIC = NO;
				GCC_NO_COMMON_BLOCKS = YES;
				GCC_OPTIMIZATION_LEVEL = 0;
				GCC_PREPROCESSOR_DEFINITIONS = (
					"DEBUG=1",
					"$(inherited)",
				);
				GCC_WARN_64_TO_32_BIT_CONVERSION = YES;
				GCC_WARN_ABOUT_RETURN_TYPE = YES_ERROR;
				GCC_WARN_UNDECLARED_SELECTOR = YES;
				GCC_WARN_UNINITIALIZED_AUTOS = YES_AGGRESSIVE;
				GCC_WARN_UNUSED_FUNCTION = YES;
				GCC_WARN_UNUSED_VARIABLE = YES;
				IPHONEOS_DEPLOYMENT_TARGET = 17.5;
				LOCALIZATION_PREFERS_STRING_CATALOGS = YES;
				MTL_ENABLE_DEBUG_INFO = INCLUDE_SOURCE;
				MTL_FAST_MATH = YES;
				ONLY_ACTIVE_ARCH = YES;
				SDKROOT = iphoneos;
				SWIFT_ACTIVE_COMPILATION_CONDITIONS = "DEBUG $(inherited)";
				SWIFT_OPTIMIZATION_LEVEL = "-Onone";
			};
			name = Debug;
		};
		6A1CFFD72DBC0DD600ECB890 /* Release */ = {
			isa = XCBuildConfiguration;
			buildSettings = {
				ALWAYS_SEARCH_USER_PATHS = NO;
				ASSETCATALOG_COMPILER_GENERATE_SWIFT_ASSET_SYMBOL_EXTENSIONS = YES;
				CLANG_ANALYZER_NONNULL = YES;
				CLANG_ANALYZER_NUMBER_OBJECT_CONVERSION = YES_AGGRESSIVE;
				CLANG_CXX_LANGUAGE_STANDARD = "gnu++20";
				CLANG_ENABLE_MODULES = YES;
				CLANG_ENABLE_OBJC_ARC = YES;
				CLANG_ENABLE_OBJC_WEAK = YES;
				CLANG_WARN_BLOCK_CAPTURE_AUTORELEASING = YES;
				CLANG_WARN_BOOL_CONVERSION = YES;
				CLANG_WARN_COMMA = YES;
				CLANG_WARN_CONSTANT_CONVERSION = YES;
				CLANG_WARN_DEPRECATED_OBJC_IMPLEMENTATIONS = YES;
				CLANG_WARN_DIRECT_OBJC_ISA_USAGE = YES_ERROR;
				CLANG_WARN_DOCUMENTATION_COMMENTS = YES;
				CLANG_WARN_EMPTY_BODY = YES;
				CLANG_WARN_ENUM_CONVERSION = YES;
				CLANG_WARN_INFINITE_RECURSION = YES;
				CLANG_WARN_INT_CONVERSION = YES;
				CLANG_WARN_NON_LITERAL_NULL_CONVERSION = YES;
				CLANG_WARN_OBJC_IMPLICIT_RETAIN_SELF = YES;
				CLANG_WARN_OBJC_LITERAL_CONVERSION = YES;
				CLANG_WARN_OBJC_ROOT_CLASS = YES_ERROR;
				CLANG_WARN_QUOTED_INCLUDE_IN_FRAMEWORK_HEADER = YES;
				CLANG_WARN_RANGE_LOOP_ANALYSIS = YES;
				CLANG_WARN_STRICT_PROTOTYPES = YES;
				CLANG_WARN_SUSPICIOUS_MOVE = YES;
				CLANG_WARN_UNGUARDED_AVAILABILITY = YES_AGGRESSIVE;
				CLANG_WARN_UNREACHABLE_CODE = YES;
				CLANG_WARN__DUPLICATE_METHOD_MATCH = YES;
				COPY_PHASE_STRIP = NO;
				DEBUG_INFORMATION_FORMAT = "dwarf-with-dsym";
				ENABLE_NS_ASSERTIONS = NO;
				ENABLE_STRICT_OBJC_MSGSEND = YES;
				ENABLE_USER_SCRIPT_SANDBOXING = YES;
				GCC_C_LANGUAGE_STANDARD = gnu17;
				GCC_NO_COMMON_BLOCKS = YES;
				GCC_WARN_64_TO_32_BIT_CONVERSION = YES;
				GCC_WARN_ABOUT_RETURN_TYPE = YES_ERROR;
				GCC_WARN_UNDECLARED_SELECTOR = YES;
				GCC_WARN_UNINITIALIZED_AUTOS = YES_AGGRESSIVE;
				GCC_WARN_UNUSED_FUNCTION = YES;
				GCC_WARN_UNUSED_VARIABLE = YES;
				IPHONEOS_DEPLOYMENT_TARGET = 17.5;
				LOCALIZATION_PREFERS_STRING_CATALOGS = YES;
				MTL_ENABLE_DEBUG_INFO = NO;
				MTL_FAST_MATH = YES;
				SDKROOT = iphoneos;
				SWIFT_COMPILATION_MODE = wholemodule;
				VALIDATE_PRODUCT = YES;
			};
			name = Release;
		};
		6A1CFFD92DBC0DD600ECB890 /* Debug */ = {
			isa = XCBuildConfiguration;
			buildSettings = {
				ASSETCATALOG_COMPILER_APPICON_NAME = AppIcon;
				ASSETCATALOG_COMPILER_GLOBAL_ACCENT_COLOR_NAME = AccentColor;
				CODE_SIGN_STYLE = Automatic;
				CURRENT_PROJECT_VERSION = 1;
				DEVELOPMENT_TEAM = ZP4R3GZH7M;
				GENERATE_INFOPLIST_FILE = YES;
				INFOPLIST_FILE = ImageFeed/Info.plist;
				INFOPLIST_KEY_UIApplicationSupportsIndirectInputEvents = YES;
				INFOPLIST_KEY_UILaunchStoryboardName = LaunchScreen;
				INFOPLIST_KEY_UIMainStoryboardFile = Main;
				INFOPLIST_KEY_UISupportedInterfaceOrientations = UIInterfaceOrientationPortrait;
				INFOPLIST_KEY_UISupportedInterfaceOrientations_iPhone = UIInterfaceOrientationPortrait;
				IPHONEOS_DEPLOYMENT_TARGET = 14.1;
				LD_RUNPATH_SEARCH_PATHS = (
					"$(inherited)",
					"@executable_path/Frameworks",
				);
				MARKETING_VERSION = 1.0;
				PRODUCT_BUNDLE_IDENTIFIER = ru.alisovaliza.ImageFeed;
				PRODUCT_NAME = "$(TARGET_NAME)";
				SUPPORTED_PLATFORMS = "iphoneos iphonesimulator";
				SUPPORTS_MACCATALYST = NO;
				SWIFT_EMIT_LOC_STRINGS = YES;
				SWIFT_VERSION = 5.0;
				TARGETED_DEVICE_FAMILY = 1;
			};
			name = Debug;
		};
		6A1CFFDA2DBC0DD600ECB890 /* Release */ = {
			isa = XCBuildConfiguration;
			buildSettings = {
				ASSETCATALOG_COMPILER_APPICON_NAME = AppIcon;
				ASSETCATALOG_COMPILER_GLOBAL_ACCENT_COLOR_NAME = AccentColor;
				CODE_SIGN_STYLE = Automatic;
				CURRENT_PROJECT_VERSION = 1;
				DEVELOPMENT_TEAM = ZP4R3GZH7M;
				GENERATE_INFOPLIST_FILE = YES;
				INFOPLIST_FILE = ImageFeed/Info.plist;
				INFOPLIST_KEY_UIApplicationSupportsIndirectInputEvents = YES;
				INFOPLIST_KEY_UILaunchStoryboardName = LaunchScreen;
				INFOPLIST_KEY_UIMainStoryboardFile = Main;
				INFOPLIST_KEY_UISupportedInterfaceOrientations = UIInterfaceOrientationPortrait;
				INFOPLIST_KEY_UISupportedInterfaceOrientations_iPhone = UIInterfaceOrientationPortrait;
				IPHONEOS_DEPLOYMENT_TARGET = 14.1;
				LD_RUNPATH_SEARCH_PATHS = (
					"$(inherited)",
					"@executable_path/Frameworks",
				);
				MARKETING_VERSION = 1.0;
				PRODUCT_BUNDLE_IDENTIFIER = ru.alisovaliza.ImageFeed;
				PRODUCT_NAME = "$(TARGET_NAME)";
				SUPPORTED_PLATFORMS = "iphoneos iphonesimulator";
				SUPPORTS_MACCATALYST = NO;
				SWIFT_EMIT_LOC_STRINGS = YES;
				SWIFT_VERSION = 5.0;
				TARGETED_DEVICE_FAMILY = 1;
			};
			name = Release;
		};
		6A1CFFDC2DBC0DD600ECB890 /* Debug */ = {
			isa = XCBuildConfiguration;
			buildSettings = {
				ALWAYS_EMBED_SWIFT_STANDARD_LIBRARIES = YES;
				BUNDLE_LOADER = "$(TEST_HOST)";
				CODE_SIGN_STYLE = Automatic;
				CURRENT_PROJECT_VERSION = 1;
				DEVELOPMENT_TEAM = ZP4R3GZH7M;
				GENERATE_INFOPLIST_FILE = YES;
				IPHONEOS_DEPLOYMENT_TARGET = 17.5;
				MARKETING_VERSION = 1.0;
				PRODUCT_BUNDLE_IDENTIFIER = ru.alisovaliza.ImageFeedTests;
				PRODUCT_NAME = "$(TARGET_NAME)";
				SWIFT_EMIT_LOC_STRINGS = NO;
				SWIFT_VERSION = 5.0;
				TARGETED_DEVICE_FAMILY = "1,2";
				TEST_HOST = "$(BUILT_PRODUCTS_DIR)/ImageFeed.app/$(BUNDLE_EXECUTABLE_FOLDER_PATH)/ImageFeed";
			};
			name = Debug;
		};
		6A1CFFDD2DBC0DD600ECB890 /* Release */ = {
			isa = XCBuildConfiguration;
			buildSettings = {
				ALWAYS_EMBED_SWIFT_STANDARD_LIBRARIES = YES;
				BUNDLE_LOADER = "$(TEST_HOST)";
				CODE_SIGN_STYLE = Automatic;
				CURRENT_PROJECT_VERSION = 1;
				DEVELOPMENT_TEAM = ZP4R3GZH7M;
				GENERATE_INFOPLIST_FILE = YES;
				IPHONEOS_DEPLOYMENT_TARGET = 17.5;
				MARKETING_VERSION = 1.0;
				PRODUCT_BUNDLE_IDENTIFIER = ru.alisovaliza.ImageFeedTests;
				PRODUCT_NAME = "$(TARGET_NAME)";
				SWIFT_EMIT_LOC_STRINGS = NO;
				SWIFT_VERSION = 5.0;
				TARGETED_DEVICE_FAMILY = "1,2";
				TEST_HOST = "$(BUILT_PRODUCTS_DIR)/ImageFeed.app/$(BUNDLE_EXECUTABLE_FOLDER_PATH)/ImageFeed";
			};
			name = Release;
		};
		6A1CFFDF2DBC0DD600ECB890 /* Debug */ = {
			isa = XCBuildConfiguration;
			buildSettings = {
				ALWAYS_EMBED_SWIFT_STANDARD_LIBRARIES = YES;
				CODE_SIGN_STYLE = Automatic;
				CURRENT_PROJECT_VERSION = 1;
				DEVELOPMENT_TEAM = ZP4R3GZH7M;
				GENERATE_INFOPLIST_FILE = YES;
				MARKETING_VERSION = 1.0;
				PRODUCT_BUNDLE_IDENTIFIER = ru.alisovaliza.ImageFeedUITests;
				PRODUCT_NAME = "$(TARGET_NAME)";
				SWIFT_EMIT_LOC_STRINGS = NO;
				SWIFT_VERSION = 5.0;
				TARGETED_DEVICE_FAMILY = "1,2";
				TEST_TARGET_NAME = ImageFeed;
			};
			name = Debug;
		};
		6A1CFFE02DBC0DD600ECB890 /* Release */ = {
			isa = XCBuildConfiguration;
			buildSettings = {
				ALWAYS_EMBED_SWIFT_STANDARD_LIBRARIES = YES;
				CODE_SIGN_STYLE = Automatic;
				CURRENT_PROJECT_VERSION = 1;
				DEVELOPMENT_TEAM = ZP4R3GZH7M;
				GENERATE_INFOPLIST_FILE = YES;
				MARKETING_VERSION = 1.0;
				PRODUCT_BUNDLE_IDENTIFIER = ru.alisovaliza.ImageFeedUITests;
				PRODUCT_NAME = "$(TARGET_NAME)";
				SWIFT_EMIT_LOC_STRINGS = NO;
				SWIFT_VERSION = 5.0;
				TARGETED_DEVICE_FAMILY = "1,2";
				TEST_TARGET_NAME = ImageFeed;
			};
			name = Release;
		};
/* End XCBuildConfiguration section */

/* Begin XCConfigurationList section */
		6A1CFFA62DBC0DD000ECB890 /* Build configuration list for PBXProject "ImageFeed" */ = {
			isa = XCConfigurationList;
			buildConfigurations = (
				6A1CFFD62DBC0DD600ECB890 /* Debug */,
				6A1CFFD72DBC0DD600ECB890 /* Release */,
			);
			defaultConfigurationIsVisible = 0;
			defaultConfigurationName = Release;
		};
		6A1CFFD82DBC0DD600ECB890 /* Build configuration list for PBXNativeTarget "ImageFeed" */ = {
			isa = XCConfigurationList;
			buildConfigurations = (
				6A1CFFD92DBC0DD600ECB890 /* Debug */,
				6A1CFFDA2DBC0DD600ECB890 /* Release */,
			);
			defaultConfigurationIsVisible = 0;
			defaultConfigurationName = Release;
		};
		6A1CFFDB2DBC0DD600ECB890 /* Build configuration list for PBXNativeTarget "ImageFeedTests" */ = {
			isa = XCConfigurationList;
			buildConfigurations = (
				6A1CFFDC2DBC0DD600ECB890 /* Debug */,
				6A1CFFDD2DBC0DD600ECB890 /* Release */,
			);
			defaultConfigurationIsVisible = 0;
			defaultConfigurationName = Release;
		};
		6A1CFFDE2DBC0DD600ECB890 /* Build configuration list for PBXNativeTarget "ImageFeedUITests" */ = {
			isa = XCConfigurationList;
			buildConfigurations = (
				6A1CFFDF2DBC0DD600ECB890 /* Debug */,
				6A1CFFE02DBC0DD600ECB890 /* Release */,
			);
			defaultConfigurationIsVisible = 0;
			defaultConfigurationName = Release;
		};
/* End XCConfigurationList section */

/* Begin XCVersionGroup section */
		6A1CFFB72DBC0DD000ECB890 /* ImageFeed.xcdatamodeld */ = {
			isa = XCVersionGroup;
			children = (
				6A1CFFB82DBC0DD000ECB890 /* ImageFeed.xcdatamodel */,
			);
			currentVersion = 6A1CFFB82DBC0DD000ECB890 /* ImageFeed.xcdatamodel */;
			path = ImageFeed.xcdatamodeld;
			sourceTree = "<group>";
			versionGroupType = wrapper.xcdatamodel;
		};
/* End XCVersionGroup section */
	};
	rootObject = 6A1CFFA32DBC0DD000ECB890 /* Project object */;
}
